
Microsoft Visual Studio Solution File, Format Version 12.00
# Visual Studio Version 17
VisualStudioVersion = 17.13.35825.156 d17.13
MinimumVisualStudioVersion = 10.0.40219.1
Project("{FAE04EC0-301F-11D3-BF4B-00C04F79EFBC}") = "TaskProject", "TaskProject\TaskProject.csproj", "{34C38940-1674-4100-A5EC-A5CE79DB4352}"
EndProject
Global
	GlobalSection(SolutionConfigurationPlatforms) = preSolution
		Debug|Any CPU = Debug|Any CPU
		Release|Any CPU = Release|Any CPU
	EndGlobalSection
	GlobalSection(ProjectConfigurationPlatforms) = postSolution
		{34C38940-1674-4100-A5EC-A5CE79DB4352}.Debug|Any CPU.ActiveCfg = Debug|Any CPU
		{34C38940-1674-4100-A5EC-A5CE79DB4352}.Debug|Any CPU.Build.0 = Debug|Any CPU
		{34C38940-1674-4100-A5EC-A5CE79DB4352}.Release|Any CPU.ActiveCfg = Release|Any CPU
		{34C38940-1674-4100-A5EC-A5CE79DB4352}.Release|Any CPU.Build.0 = Release|Any CPU
	EndGlobalSection
	GlobalSection(SolutionProperties) = preSolution
		HideSolutionNode = FALSE
	EndGlobalSection
	GlobalSection(ExtensibilityGlobals) = postSolution
		SolutionGuid = {93A54F38-6728-4CCD-8206-9A0C7605E071}
	EndGlobalSection
EndGlobal
